
Microsoft Visual Studio Solution File, Format Version 12.00
# Visual Studio 14
VisualStudioVersion = 14.0.25420.1
MinimumVisualStudioVersion = 10.0.40219.1
Project("{FAE04EC0-301F-11D3-BF4B-00C04F79EFBC}") = "Ffsti.Library.Tests", "Ffsti.Library.Tests\Ffsti.Library.Tests.csproj", "{7218C6CC-4010-40DF-AF47-93D84BC6A5D9}"
EndProject
Project("{2150E333-8FDC-42A3-9474-1A3956D46DE8}") = "Base", "Base", "{59965008-D433-4546-922E-A63A58DD833E}"
EndProject
Project("{FAE04EC0-301F-11D3-BF4B-00C04F79EFBC}") = "Ffsti.Library.Base", "Ffsti.Library.Base\Ffsti.Library.Base.csproj", "{D9C4343C-8525-4EC9-B3EE-A69624F741E3}"
EndProject
Project("{2150E333-8FDC-42A3-9474-1A3956D46DE8}") = "Data", "Data", "{5B261BE2-FFEC-4D6A-B97B-96A356514110}"
EndProject
Project("{FAE04EC0-301F-11D3-BF4B-00C04F79EFBC}") = "Ffsti.Library.Data", "Ffsti.Library.Data\Ffsti.Library.Data.csproj", "{F1F39A75-80DA-4D46-A6E1-CE72A148F50E}"
EndProject
Project("{2150E333-8FDC-42A3-9474-1A3956D46DE8}") = "Cep", "Cep", "{BCD05EE3-6CD9-4070-95AE-1E052A667EB8}"
EndProject
Project("{FAE04EC0-301F-11D3-BF4B-00C04F79EFBC}") = "Ffsti.Library.Cep", "Ffsti.Library.Cep\Ffsti.Library.Cep.csproj", "{A26F8F09-2A73-4EEE-9B85-8FAC83BD3792}"
EndProject
Global
	GlobalSection(SolutionConfigurationPlatforms) = preSolution
		Debug|Any CPU = Debug|Any CPU
		Release|Any CPU = Release|Any CPU
	EndGlobalSection
	GlobalSection(ProjectConfigurationPlatforms) = postSolution
		{7218C6CC-4010-40DF-AF47-93D84BC6A5D9}.Debug|Any CPU.ActiveCfg = Debug|Any CPU
		{7218C6CC-4010-40DF-AF47-93D84BC6A5D9}.Debug|Any CPU.Build.0 = Debug|Any CPU
		{7218C6CC-4010-40DF-AF47-93D84BC6A5D9}.Release|Any CPU.ActiveCfg = Release|Any CPU
		{7218C6CC-4010-40DF-AF47-93D84BC6A5D9}.Release|Any CPU.Build.0 = Release|Any CPU
		{D9C4343C-8525-4EC9-B3EE-A69624F741E3}.Debug|Any CPU.ActiveCfg = Debug|Any CPU
		{D9C4343C-8525-4EC9-B3EE-A69624F741E3}.Debug|Any CPU.Build.0 = Debug|Any CPU
		{D9C4343C-8525-4EC9-B3EE-A69624F741E3}.Release|Any CPU.ActiveCfg = Release|Any CPU
		{D9C4343C-8525-4EC9-B3EE-A69624F741E3}.Release|Any CPU.Build.0 = Release|Any CPU
		{F1F39A75-80DA-4D46-A6E1-CE72A148F50E}.Debug|Any CPU.ActiveCfg = Debug|Any CPU
		{F1F39A75-80DA-4D46-A6E1-CE72A148F50E}.Debug|Any CPU.Build.0 = Debug|Any CPU
		{F1F39A75-80DA-4D46-A6E1-CE72A148F50E}.Release|Any CPU.ActiveCfg = Release|Any CPU
		{F1F39A75-80DA-4D46-A6E1-CE72A148F50E}.Release|Any CPU.Build.0 = Release|Any CPU
		{A26F8F09-2A73-4EEE-9B85-8FAC83BD3792}.Debug|Any CPU.ActiveCfg = Debug|Any CPU
		{A26F8F09-2A73-4EEE-9B85-8FAC83BD3792}.Debug|Any CPU.Build.0 = Debug|Any CPU
		{A26F8F09-2A73-4EEE-9B85-8FAC83BD3792}.Release|Any CPU.ActiveCfg = Release|Any CPU
		{A26F8F09-2A73-4EEE-9B85-8FAC83BD3792}.Release|Any CPU.Build.0 = Release|Any CPU
	EndGlobalSection
	GlobalSection(SolutionProperties) = preSolution
		HideSolutionNode = FALSE
	EndGlobalSection
	GlobalSection(NestedProjects) = preSolution
		{D9C4343C-8525-4EC9-B3EE-A69624F741E3} = {59965008-D433-4546-922E-A63A58DD833E}
		{F1F39A75-80DA-4D46-A6E1-CE72A148F50E} = {5B261BE2-FFEC-4D6A-B97B-96A356514110}
		{A26F8F09-2A73-4EEE-9B85-8FAC83BD3792} = {BCD05EE3-6CD9-4070-95AE-1E052A667EB8}
	EndGlobalSection
	GlobalSection(TestCaseManagementSettings) = postSolution
		CategoryFile = Ffsti.Library.vsmdi
	EndGlobalSection
EndGlobal
